{
    "hash": "6113c9fbca44a5b138522ce7835bc544",
    "packages": [

    ],
    "packages-dev": [
        {
            "name": "icecave/archer",
            "version": "0.2.1",
            "source": {
                "type": "git",
                "url": "https://github.com/IcecaveStudios/archer.git",
                "reference": "0.2.1"
            },
            "dist": {
                "type": "zip",
                "url": "https://api.github.com/repos/IcecaveStudios/archer/zipball/0.2.1",
                "reference": "0.2.1",
                "shasum": ""
            },
            "require": {
                "phake/phake": ">=1.0,<2.0",
                "php": ">=5.3",
                "symfony/console": ">=2.0,<3.0",
                "symfony/process": ">=2.0,<3.0"
            },
            "suggest": {
                "ext-openssl": "OpenSSL is required to encrypt GitHub OAuth tokens for artifact publication."
            },
            "bin": [
                "bin/archer",
                "bin/woodhouse"
            ],
            "type": "library",
            "autoload": {
                "psr-0": {
                    "Icecave\\Archer": "lib"
                }
            },
            "notification-url": "https://packagist.org/downloads/",
            "license": [
                "MIT"
            ],
            "authors": [
                {
                    "name": "Erin Millard",
                    "email": "ezzatron@gmail.com",
                    "homepage": "http://ezzatron.com/"
                },
                {
                    "name": "James Harris",
                    "email": "james.harris@icecave.com.au"
                }
            ],
            "description": "PHP testing and continuous integration by convention.",
            "homepage": "https://github.com/IcecaveStudios/archer",
            "keywords": [
                "artifacts",
                "coverage",
                "phake",
                "phpunit",
                "test",
                "testing",
                "unit"
            ],
            "time": "2013-02-27 04:42:20"
        },
        {
            "name": "phake/phake",
            "version": "v1.0.3",
            "source": {
                "type": "git",
                "url": "git://github.com/mlively/Phake.git",
                "reference": "v1.0.3"
            },
            "dist": {
                "type": "zip",
                "url": "https://github.com/mlively/Phake/zipball/v1.0.3",
                "reference": "v1.0.3",
                "shasum": ""
            },
            "require": {
                "php": ">=5.2.0"
            },
            "type": "library",
            "autoload": {
                "classmap": [
                    "src"
                ]
            },
            "include-path": [
                "src"
            ],
            "license": [
                "BSD"
            ],
            "authors": [
                {
                    "name": "Mike Lively",
                    "email": "m@digitalsandwich.com",
                    "homepage": null,
                    "role": null
                }
            ],
            "description": "The Phake mock testing library",
            "homepage": "https://github.com/mlively/Phake",
            "keywords": [
                "mock",
                "testing"
            ],
            "time": "2012-05-14 15:06:51"
        },
        {
            "name": "symfony/console",
            "version": "v2.2.0",
            "target-dir": "Symfony/Component/Console",
            "source": {
                "type": "git",
                "url": "https://github.com/symfony/Console.git",
                "reference": "v2.2.0"
            },
            "dist": {
                "type": "zip",
                "url": "https://api.github.com/repos/symfony/Console/zipball/v2.2.0",
                "reference": "v2.2.0",
                "shasum": ""
            },
            "require": {
                "php": ">=5.3.3"
            },
            "type": "library",
            "extra": {
                "branch-alias": {
                    "dev-master": "2.2-dev"
                }
            },
            "autoload": {
                "psr-0": {
                    "Symfony\\Component\\Console\\": ""
                }
            },
            "notification-url": "https://packagist.org/downloads/",
            "license": [
                "MIT"
            ],
            "authors": [
                {
                    "name": "Fabien Potencier",
                    "email": "fabien@symfony.com"
                },
                {
                    "name": "Symfony Community",
                    "homepage": "http://symfony.com/contributors"
                }
            ],
            "description": "Symfony Console Component",
            "homepage": "http://symfony.com",
            "time": "2013-03-01 06:43:14"
        },
        {
            "name": "symfony/process",
            "version": "v2.2.0",
            "target-dir": "Symfony/Component/Process",
            "source": {
                "type": "git",
                "url": "https://github.com/symfony/Process.git",
                "reference": "v2.2.0-RC3"
            },
            "dist": {
                "type": "zip",
                "url": "https://api.github.com/repos/symfony/Process/zipball/v2.2.0-RC3",
                "reference": "v2.2.0-RC3",
                "shasum": ""
            },
            "require": {
                "php": ">=5.3.3"
            },
            "type": "library",
            "extra": {
                "branch-alias": {
                    "dev-master": "2.2-dev"
                }
            },
            "autoload": {
                "psr-0": {
                    "Symfony\\Component\\Process\\": ""
                }
            },
            "notification-url": "https://packagist.org/downloads/",
            "license": [
                "MIT"
            ],
            "authors": [
                {
                    "name": "Fabien Potencier",
                    "email": "fabien@symfony.com"
                },
                {
                    "name": "Symfony Community",
                    "homepage": "http://symfony.com/contributors"
                }
            ],
            "description": "Symfony Process Component",
            "homepage": "http://symfony.com",
            "time": "2013-02-18 21:28:10"
        }
    ],
    "aliases": [

    ],
    "minimum-stability": "stable",
    "stability-flags": [

    ]
}
