{
    "hash": "5645ae7fcebe175602063cf92ef036c0",
    "packages": [

    ],
    "packages-dev": [
        {
            "package": "eloquent/pops",
            "version": "1.0.0"
        },
        {
            "package": "phake/phake",
            "version": "1.0.2"
        }
    ],
    "aliases": [

    ],
    "minimum-stability": "stable",
    "stability-flags": [

    ]
}
